PODS:
  - Alamofire (4.8.2)
  - AsyncSwift (2.0.4)
  - Nimble (8.0.1)
  - ObjectMapper (3.4.1)
  - OHHTTPStubs/Core (7.0.0)
  - OHHTTPStubs/Default (7.0.0):
    - OHHTTPStubs/Core
    - OHHTTPStubs/JSON
    - OHHTTPStubs/NSURLSession
    - OHHTTPStubs/OHPathHelpers
  - OHHTTPStubs/JSON (7.0.0):
    - OHHTTPStubs/Core
  - OHHTTPStubs/NSURLSession (7.0.0):
    - OHHTTPStubs/Core
  - OHHTTPStubs/OHPathHelpers (7.0.0)
  - OHHTTPStubs/Swift (7.0.0):
    - OHHTTPStubs/Default
  - Quick (1.3.2)
  - SDWebImage (4.4.1):
    - SDWebImage/Core (= 4.4.1)
  - SDWebImage/Core (4.4.1)
  - SVProgressHUD (2.2.5)
  - SwiftDate (4.5.1)
  - SwiftLint (0.29.0)

DEPENDENCIES:
  - Alamofire (= 4.8.2)
  - AsyncSwift (= 2.0.4)
  - Nimble (= 8.0.1)
  - ObjectMapper (= 3.4.1)
  - OHHTTPStubs/Swift (= 7.0.0)
  - Quick (= 1.3.2)
  - SDWebImage (= 4.4.1)
  - SVProgressHUD (= 2.2.5)
  - SwiftDate (= 4.5.1)
  - SwiftLint (= 0.29.0)

SPEC REPOS:
  https://github.com/cocoapods/specs.git:
    - Alamofire
    - AsyncSwift
    - Nimble
    - ObjectMapper
    - OHHTTPStubs
    - Quick
    - SDWebImage
    - SVProgressHUD
    - SwiftDate
    - SwiftLint

SPEC CHECKSUMS:
  Alamofire: ae5c501addb7afdbb13687d7f2f722c78734c2d3
  AsyncSwift: 65775a7b32e740609b24969ece3de58723b9dc3e
  Nimble: 45f786ae66faa9a709624227fae502db55a8bdd0
  ObjectMapper: 5311bd50ca732930959e7ca1a2de43ab823a5ced
  OHHTTPStubs: ef33a2c353110d306bb98f695435ec56ff5a26c3
  Quick: 2623cb30d7a7f41ca62f684f679586558f483d46
  SDWebImage: 47e9b5b925cbce75946c23f0c42dd19464189af4
  SVProgressHUD: 1428aafac632c1f86f62aa4243ec12008d7a51d6
  SwiftDate: 7b56d42a221f582047287deb256b23fc5ed49a60
  SwiftLint: d4e7443d93e2bbe868dc302e6c7ac30b469d6a14

PODFILE CHECKSUM: 4d58f7346f53ace915328c7594ca7562f11a30d2

COCOAPODS: 1.5.3
