<?xml version="1.0" encoding="UTF-8"?>
<Scheme
   LastUpgradeVersion = "1010"
   version = "1.3">
   <BuildAction
      parallelizeBuildables = "YES"
      buildImplicitDependencies = "YES">
      <BuildActionEntries>
         <BuildActionEntry
            buildForTesting = "YES"
            buildForRunning = "YES"
            buildForProfiling = "YES"
            buildForArchiving = "YES"
            buildForAnalyzing = "YES">
            <BuildableReference
               BuildableIdentifier = "primary"
               BlueprintIdentifier = "3383968E74B5371B20BB519B170DC7FD"
               BuildableName = "Alamofire.framework"
               BlueprintName = "Alamofire"
               ReferencedContainer = "container:Pods/Pods.xcodeproj">
            </BuildableReference>
         </BuildActionEntry>
         <BuildActionEntry
            buildForTesting = "YES"
            buildForRunning = "YES"
            buildForProfiling = "YES"
            buildForArchiving = "YES"
            buildForAnalyzing = "YES">
            <BuildableReference
               BuildableIdentifier = "primary"
               BlueprintIdentifier = "340073E5B62CACFDC12F3E354D1B719D"
               BuildableName = "Async.framework"
               BlueprintName = "AsyncSwift"
               ReferencedContainer = "container:Pods/Pods.xcodeproj">
            </BuildableReference>
         </BuildActionEntry>
         <BuildActionEntry
            buildForTesting = "YES"
            buildForRunning = "YES"
            buildForProfiling = "YES"
            buildForArchiving = "YES"
            buildForAnalyzing = "YES">
            <BuildableReference
               BuildableIdentifier = "primary"
               BlueprintIdentifier = "D4352C8CA6EDC802E8D85D2E61BC6173"
               BuildableName = "Nimble.framework"
               BlueprintName = "Nimble"
               ReferencedContainer = "container:Pods/Pods.xcodeproj">
            </BuildableReference>
         </BuildActionEntry>
         <BuildActionEntry
            buildForTesting = "YES"
            buildForRunning = "YES"
            buildForProfiling = "YES"
            buildForArchiving = "YES"
            buildForAnalyzing = "YES">
            <BuildableReference
               BuildableIdentifier = "primary"
               BlueprintIdentifier = "B2DCCEE6F62617BD49795ACB4AEA152C"
               BuildableName = "OHHTTPStubs.framework"
               BlueprintName = "OHHTTPStubs"
               ReferencedContainer = "container:Pods/Pods.xcodeproj">
            </BuildableReference>
         </BuildActionEntry>
         <BuildActionEntry
            buildForTesting = "YES"
            buildForRunning = "YES"
            buildForProfiling = "YES"
            buildForArchiving = "YES"
            buildForAnalyzing = "YES">
            <BuildableReference
               BuildableIdentifier = "primary"
               BlueprintIdentifier = "4F1495D00EDC91E1219220BCA35D2E60"
               BuildableName = "ObjectMapper.framework"
               BlueprintName = "ObjectMapper"
               ReferencedContainer = "container:Pods/Pods.xcodeproj">
            </BuildableReference>
         </BuildActionEntry>
         <BuildActionEntry
            buildForTesting = "YES"
            buildForRunning = "YES"
            buildForProfiling = "YES"
            buildForArchiving = "YES"
            buildForAnalyzing = "YES">
            <BuildableReference
               BuildableIdentifier = "primary"
               BlueprintIdentifier = "5BAF6F5DB4CBACC648E9619F6564193B"
               BuildableName = "Pods_DemoSurvey.framework"
               BlueprintName = "Pods-DemoSurvey"
               ReferencedContainer = "container:Pods/Pods.xcodeproj">
            </BuildableReference>
         </BuildActionEntry>
         <BuildActionEntry
            buildForTesting = "YES"
            buildForRunning = "YES"
            buildForProfiling = "YES"
            buildForArchiving = "YES"
            buildForAnalyzing = "YES">
            <BuildableReference
               BuildableIdentifier = "primary"
               BlueprintIdentifier = "B155E0A7FEF10574AB0DB0733F870039"
               BuildableName = "Pods_DemoSurveyTests.framework"
               BlueprintName = "Pods-DemoSurveyTests"
               ReferencedContainer = "container:Pods/Pods.xcodeproj">
            </BuildableReference>
         </BuildActionEntry>
         <BuildActionEntry
            buildForTesting = "YES"
            buildForRunning = "YES"
            buildForProfiling = "YES"
            buildForArchiving = "YES"
            buildForAnalyzing = "YES">
            <BuildableReference
               BuildableIdentifier = "primary"
               BlueprintIdentifier = "75BF56207148693A7FC1907423956A43"
               BuildableName = "Quick.framework"
               BlueprintName = "Quick"
               ReferencedContainer = "container:Pods/Pods.xcodeproj">
            </BuildableReference>
         </BuildActionEntry>
         <BuildActionEntry
            buildForTesting = "YES"
            buildForRunning = "YES"
            buildForProfiling = "YES"
            buildForArchiving = "YES"
            buildForAnalyzing = "YES">
            <BuildableReference
               BuildableIdentifier = "primary"
               BlueprintIdentifier = "AAB66B3295E13C0F74266927C5AD5029"
               BuildableName = "SDWebImage.framework"
               BlueprintName = "SDWebImage"
               ReferencedContainer = "container:Pods/Pods.xcodeproj">
            </BuildableReference>
         </BuildActionEntry>
         <BuildActionEntry
            buildForTesting = "YES"
            buildForRunning = "YES"
            buildForProfiling = "YES"
            buildForArchiving = "YES"
            buildForAnalyzing = "YES">
            <BuildableReference
               BuildableIdentifier = "primary"
               BlueprintIdentifier = "C11CBE6391E16DE51264E5A5F27ACFAB"
               BuildableName = "SVProgressHUD.framework"
               BlueprintName = "SVProgressHUD"
               ReferencedContainer = "container:Pods/Pods.xcodeproj">
            </BuildableReference>
         </BuildActionEntry>
         <BuildActionEntry
            buildForTesting = "YES"
            buildForRunning = "YES"
            buildForProfiling = "YES"
            buildForArchiving = "YES"
            buildForAnalyzing = "YES">
            <BuildableReference
               BuildableIdentifier = "primary"
               BlueprintIdentifier = "28FCBCE2F9F354E39C86A8649F273864"
               BuildableName = "SwiftDate.framework"
               BlueprintName = "SwiftDate"
               ReferencedContainer = "container:Pods/Pods.xcodeproj">
            </BuildableReference>
         </BuildActionEntry>
         <BuildActionEntry
            buildForTesting = "YES"
            buildForRunning = "YES"
            buildForProfiling = "YES"
            buildForArchiving = "YES"
            buildForAnalyzing = "YES">
            <BuildableReference
               BuildableIdentifier = "primary"
               BlueprintIdentifier = "22B5E8DC229F7A0600B52995"
               BuildableName = "DemoSurvey.app"
               BlueprintName = "DemoSurvey"
               ReferencedContainer = "container:DemoSurvey.xcodeproj">
            </BuildableReference>
         </BuildActionEntry>
      </BuildActionEntries>
   </BuildAction>
   <TestAction
      buildConfiguration = "Debug"
      selectedDebuggerIdentifier = "Xcode.DebuggerFoundation.Debugger.LLDB"
      selectedLauncherIdentifier = "Xcode.DebuggerFoundation.Launcher.LLDB"
      shouldUseLaunchSchemeArgsEnv = "YES">
      <Testables>
         <TestableReference
            skipped = "NO">
            <BuildableReference
               BuildableIdentifier = "primary"
               BlueprintIdentifier = "22B5E8F0229F7A0B00B52995"
               BuildableName = "DemoSurveyTests.xctest"
               BlueprintName = "DemoSurveyTests"
               ReferencedContainer = "container:DemoSurvey.xcodeproj">
            </BuildableReference>
         </TestableReference>
      </Testables>
      <MacroExpansion>
         <BuildableReference
            BuildableIdentifier = "primary"
            BlueprintIdentifier = "22B5E8DC229F7A0600B52995"
            BuildableName = "DemoSurvey.app"
            BlueprintName = "DemoSurvey"
            ReferencedContainer = "container:DemoSurvey.xcodeproj">
         </BuildableReference>
      </MacroExpansion>
      <AdditionalOptions>
      </AdditionalOptions>
   </TestAction>
   <LaunchAction
      buildConfiguration = "Debug"
      selectedDebuggerIdentifier = "Xcode.DebuggerFoundation.Debugger.LLDB"
      selectedLauncherIdentifier = "Xcode.DebuggerFoundation.Launcher.LLDB"
      launchStyle = "0"
      useCustomWorkingDirectory = "NO"
      ignoresPersistentStateOnLaunch = "NO"
      debugDocumentVersioning = "YES"
      debugServiceExtension = "internal"
      allowLocationSimulation = "YES">
      <BuildableProductRunnable
         runnableDebuggingMode = "0">
         <BuildableReference
            BuildableIdentifier = "primary"
            BlueprintIdentifier = "22B5E8DC229F7A0600B52995"
            BuildableName = "DemoSurvey.app"
            BlueprintName = "DemoSurvey"
            ReferencedContainer = "container:DemoSurvey.xcodeproj">
         </BuildableReference>
      </BuildableProductRunnable>
      <AdditionalOptions>
      </AdditionalOptions>
   </LaunchAction>
   <ProfileAction
      buildConfiguration = "Release"
      shouldUseLaunchSchemeArgsEnv = "YES"
      savedToolIdentifier = ""
      useCustomWorkingDirectory = "NO"
      debugDocumentVersioning = "YES">
      <BuildableProductRunnable
         runnableDebuggingMode = "0">
         <BuildableReference
            BuildableIdentifier = "primary"
            BlueprintIdentifier = "22B5E8DC229F7A0600B52995"
            BuildableName = "DemoSurvey.app"
            BlueprintName = "DemoSurvey"
            ReferencedContainer = "container:DemoSurvey.xcodeproj">
         </BuildableReference>
      </BuildableProductRunnable>
   </ProfileAction>
   <AnalyzeAction
      buildConfiguration = "Debug">
   </AnalyzeAction>
   <ArchiveAction
      buildConfiguration = "Release"
      revealArchiveInOrganizer = "YES">
   </ArchiveAction>
</Scheme>
